
Microsoft Visual Studio Solution File, Format Version 12.00
# Visual Studio 2012
Project("{FAE04EC0-301F-11D3-BF4B-00C04F79EFBC}") = "Wave.Core", "Wave.Core\Wave.Core.csproj", "{6B2F3282-85A6-4177-8840-CFE0A6417FD8}"
EndProject
Project("{2150E333-8FDC-42A3-9474-1A3956D46DE8}") = "src", "src", "{3711E227-B1C5-47AE-BDFA-06A9C22142E8}"
EndProject
Project("{2150E333-8FDC-42A3-9474-1A3956D46DE8}") = "tests", "tests", "{F2DA3499-A595-43EF-A130-9D5A05653D25}"
EndProject
Project("{2150E333-8FDC-42A3-9474-1A3956D46DE8}") = "examples", "examples", "{E0C0A75A-DCBB-4134-9AB1-3753CC767A39}"
EndProject
Project("{FAE04EC0-301F-11D3-BF4B-00C04F79EFBC}") = "Wave.ServiceHosting.TopShelf", "Wave.ServiceHosting.TopShelf\Wave.ServiceHosting.TopShelf.csproj", "{3259D0E7-F778-4CE1-8F90-DA27FD1D6642}"
EndProject
Project("{FAE04EC0-301F-11D3-BF4B-00C04F79EFBC}") = "Wave.Logging.Log4Net", "Wave.Logging.Log4Net\Wave.Logging.Log4Net.csproj", "{F62B3576-C3AA-4E25-AA90-E2B73045ECDE}"
EndProject
Project("{FAE04EC0-301F-11D3-BF4B-00C04F79EFBC}") = "Wave.Logging.NLog", "Wave.Logging.NLog\Wave.Logging.NLog.csproj", "{A2303554-52B5-4040-B157-E912C87CBA16}"
EndProject
Project("{2150E333-8FDC-42A3-9474-1A3956D46DE8}") = "Logging Adapters", "Logging Adapters", "{83B9E6B9-197C-49C8-87BE-357A5BB0E600}"
EndProject
Project("{2150E333-8FDC-42A3-9474-1A3956D46DE8}") = "Service Hosting Adapters", "Service Hosting Adapters", "{B06863D3-8813-46BD-A500-3C0D306FE422}"
EndProject
Project("{2150E333-8FDC-42A3-9474-1A3956D46DE8}") = "Common", "Common", "{910DBAFC-AA9A-412E-A2EE-3D160CF2FB32}"
EndProject
Project("{FAE04EC0-301F-11D3-BF4B-00C04F79EFBC}") = "Wave.Serialization.JsonDotNet", "Wave.Serialization.JsonDotNet\Wave.Serialization.JsonDotNet.csproj", "{2680A100-B18B-40A1-8E7C-7CB4DD86CDB7}"
EndProject
Project("{2150E333-8FDC-42A3-9474-1A3956D46DE8}") = "Serialization Adapters", "Serialization Adapters", "{D50032E4-90CA-423E-9F65-E0BCF8362B72}"
EndProject
Project("{FAE04EC0-301F-11D3-BF4B-00C04F79EFBC}") = "Wave.Serialization.Xml", "Wave.Serialization.Xml\Wave.Serialization.Xml.csproj", "{CA1E7EE5-14FA-4AE7-BFC2-8EC7A9973680}"
EndProject
Project("{2150E333-8FDC-42A3-9474-1A3956D46DE8}") = "IoC Adapters", "IoC Adapters", "{D1FE2E7D-CEE6-459C-AABA-C0A6F9DA2D3F}"
EndProject
Project("{FAE04EC0-301F-11D3-BF4B-00C04F79EFBC}") = "Wave.IoC.Unity", "Wave.IoC.Unity\Wave.IoC.Unity.csproj", "{AFE6947C-2B64-4AAA-84EF-B1117CFFD6EB}"
EndProject
Project("{FAE04EC0-301F-11D3-BF4B-00C04F79EFBC}") = "Wave.IoC.StructureMap", "Wave.IoC.StructureMap\Wave.IoC.StructureMap.csproj", "{9096F624-FAFB-4931-B455-DE655A87FDF0}"
EndProject
Project("{FAE04EC0-301F-11D3-BF4B-00C04F79EFBC}") = "Wave.IoC.NInject", "Wave.IoC.NInject\Wave.IoC.NInject.csproj", "{569C1FC8-FB40-45C4-8FDB-7B509BD16CAB}"
EndProject
Project("{2150E333-8FDC-42A3-9474-1A3956D46DE8}") = "Common", "Common", "{F0A7F9EF-E485-48B6-92EF-F07F6765DC42}"
EndProject
Project("{FAE04EC0-301F-11D3-BF4B-00C04F79EFBC}") = "Wave.IoC.AutoFac", "Wave.IoC.AutoFac\Wave.IoC.AutoFac.csproj", "{4004178C-353B-4284-85F7-013C0F3D6CAA}"
EndProject
Project("{FAE04EC0-301F-11D3-BF4B-00C04F79EFBC}") = "Wave.IoC.CastleWindsor", "Wave.IoC.CastleWindsor\Wave.IoC.CastleWindsor.csproj", "{70DF6FF4-F382-43F1-B2CD-F605C2C5CBE3}"
EndProject
Project("{2150E333-8FDC-42A3-9474-1A3956D46DE8}") = "Serialization Adapters", "Serialization Adapters", "{B2D89CB9-D4B5-4630-BEC4-A97F6BF2FEE4}"
EndProject
Project("{FAE04EC0-301F-11D3-BF4B-00C04F79EFBC}") = "Wave.Serialization.Xml.Tests", "..\tests\Wave.Serialization.Xml.Tests\Wave.Serialization.Xml.Tests.csproj", "{EA358A9E-109B-4984-9A17-4714F065DFB4}"
EndProject
Project("{2150E333-8FDC-42A3-9474-1A3956D46DE8}") = "IoC Adapters", "IoC Adapters", "{F0AD03F9-C2A7-4105-A4AA-E9F98B508F67}"
EndProject
Project("{FAE04EC0-301F-11D3-BF4B-00C04F79EFBC}") = "Wave.IoC.Unity.Tests", "..\tests\Wave.IoC.Unity.Tests\Wave.IoC.Unity.Tests.csproj", "{05CDE80C-CA09-495E-B0F9-1251F48803C7}"
EndProject
Project("{FAE04EC0-301F-11D3-BF4B-00C04F79EFBC}") = "Wave.IoC.NInject.Tests", "..\tests\Wave.IoC.NInject.Tests\Wave.IoC.NInject.Tests.csproj", "{5A7FC936-B2B8-48B4-BDD4-FDE31E565C63}"
EndProject
Project("{FAE04EC0-301F-11D3-BF4B-00C04F79EFBC}") = "Wave.IoC.Autofac.Tests", "..\tests\Wave.IoC.Autofac.Tests\Wave.IoC.Autofac.Tests.csproj", "{4C626D4A-6BDF-4F08-ADF0-FAAE75B2412C}"
EndProject
Project("{FAE04EC0-301F-11D3-BF4B-00C04F79EFBC}") = "Wave.IoC.StructureMap.Tests", "..\tests\Wave.IoC.StructureMap.Tests\Wave.IoC.StructureMap.Tests.csproj", "{FB0BF8E6-1CC5-47CA-9616-1869531E11B4}"
EndProject
Project("{FAE04EC0-301F-11D3-BF4B-00C04F79EFBC}") = "Wave.IoC.CastleWindsor.Tests", "..\tests\Wave.IoC.CastleWindsor.Tests\Wave.IoC.CastleWindsor.Tests.csproj", "{BF4A79C7-8773-4D34-B3B2-BDC5883E9577}"
EndProject
Project("{FAE04EC0-301F-11D3-BF4B-00C04F79EFBC}") = "Wave.Logging.CommonsLogging", "Wave.Logging.CommonsLogging\Wave.Logging.CommonsLogging.csproj", "{0AAB26BA-EEC2-48B4-8CE8-DEA02B6E0C4A}"
EndProject
Project("{FAE04EC0-301F-11D3-BF4B-00C04F79EFBC}") = "Wave.Core.Tests", "..\tests\Wave.Core.Tests\Wave.Core.Tests.csproj", "{47A48497-5FC0-4E55-99E2-C24A9A70119B}"
EndProject
Project("{FAE04EC0-301F-11D3-BF4B-00C04F79EFBC}") = "Wave.Serialization.JsonDotNet.Tests", "..\tests\Wave.Serialization.JsonDotNet.Tests\Wave.Serialization.JsonDotNet.Tests.csproj", "{4E1012ED-CB19-4278-9964-D24BEE60F57C}"
EndProject
Project("{2150E333-8FDC-42A3-9474-1A3956D46DE8}") = "Transports", "Transports", "{89C50FBD-942B-4A4E-B96E-0C48FF1A4E19}"
EndProject
Project("{FAE04EC0-301F-11D3-BF4B-00C04F79EFBC}") = "Wave.Transports.RabbitMQ", "Wave.Transports.RabbitMQ\Wave.Transports.RabbitMQ.csproj", "{657ADDB4-7D1E-469D-9296-BAB710392EC8}"
EndProject
Project("{2150E333-8FDC-42A3-9474-1A3956D46DE8}") = "Transports", "Transports", "{BB527460-C181-4700-9A1D-9F75410FFD27}"
EndProject
Project("{FAE04EC0-301F-11D3-BF4B-00C04F79EFBC}") = "Wave.Transports.RabbitMQ.Tests", "..\tests\Wave.Transports.RabbitMQ.Tests\Wave.Transports.RabbitMQ.Tests.csproj", "{A6C8109C-BDEC-488D-A07D-4994E534343A}"
EndProject
Project("{FAE04EC0-301F-11D3-BF4B-00C04F79EFBC}") = "Wave.Transports.MSMQ", "Wave.Transports.MSMQ\Wave.Transports.MSMQ.csproj", "{CE668BDB-0497-4943-B49F-38CDF57035D8}"
EndProject
Project("{FAE04EC0-301F-11D3-BF4B-00C04F79EFBC}") = "Wave.Transports.MSMQ.Tests", "..\tests\Wave.Transports.MSMQ.Tests\Wave.Transports.MSMQ.Tests.csproj", "{92F44394-9DC0-429B-AFD8-5E890AC9DE3C}"
EndProject
Project("{FAE04EC0-301F-11D3-BF4B-00C04F79EFBC}") = "Wave.ServiceHosting.IIS", "Wave.ServiceHosting.IIS\Wave.ServiceHosting.IIS.csproj", "{BBAEAFC1-796D-4C60-B9E2-3A7D6135DC82}"
EndProject
Project("{2150E333-8FDC-42A3-9474-1A3956D46DE8}") = "Test Adapters", "Test Adapters", "{FF58D1D4-AA7B-4A18-9995-6697759DA775}"
EndProject
Project("{FAE04EC0-301F-11D3-BF4B-00C04F79EFBC}") = "Wave.Testing.NUnit", "Wave.Testing.NUnit\Wave.Testing.NUnit.csproj", "{767601E5-92B5-4F16-AA5A-888324EB3291}"
EndProject
Project("{FAE04EC0-301F-11D3-BF4B-00C04F79EFBC}") = "Wave.Testing.MSTest", "Wave.Testing.MSTest\Wave.Testing.MSTest.csproj", "{1E2D2BA2-E868-43FF-893D-0CA3D13B3EEF}"
EndProject
Project("{FAE04EC0-301F-11D3-BF4B-00C04F79EFBC}") = "Wave.Testing.XUnit", "Wave.Testing.xUnit\Wave.Testing.XUnit.csproj", "{FBC20399-4894-424D-95BA-2A204F29F35B}"
EndProject
Project("{FAE04EC0-301F-11D3-BF4B-00C04F79EFBC}") = "Wave.Examples.ECommerce.Web", "..\examples\Wave.Examples.ECommerce\Wave.Examples.ECommerce.Web\Wave.Examples.ECommerce.Web\Wave.Examples.ECommerce.Web.csproj", "{A6FD48F0-FCA6-45D1-9E32-38B635C2184F}"
EndProject
Project("{2150E333-8FDC-42A3-9474-1A3956D46DE8}") = "ECommerce", "ECommerce", "{62E8CFDE-D5E2-4298-B9AE-3AD342F2CA74}"
EndProject
Project("{FAE04EC0-301F-11D3-BF4B-00C04F79EFBC}") = "Wave.Examples.ECommerce.Messages", "..\examples\Wave.Examples.ECommerce\Wave.Examples.ECommerce.Messages\Wave.Examples.ECommerce.Messages.csproj", "{78715A12-171E-4ED8-BF7A-10CA994A5120}"
EndProject
Project("{FAE04EC0-301F-11D3-BF4B-00C04F79EFBC}") = "Wave.Examples.ECommerce.OrderAgent", "..\examples\Wave.Examples.ECommerce\Wave.Examples.ECommerce.OrderAgent\Wave.Examples.ECommerce.OrderAgent.csproj", "{C3021D66-D983-405F-A1D7-93F99EFDC907}"
EndProject
Project("{FAE04EC0-301F-11D3-BF4B-00C04F79EFBC}") = "Wave.Examples.ECommerce.Models", "..\examples\Wave.Examples.ECommerce\Wave.Examples.ECommerce.Models\Wave.Examples.ECommerce.Models.csproj", "{DCEAFA0A-0C5A-4333-8291-7B8A52591EA7}"
EndProject
Project("{FAE04EC0-301F-11D3-BF4B-00C04F79EFBC}") = "Wave.Examples.ECommerce.InventoryAgent", "..\examples\Wave.Examples.ECommerce\Wave.Examples.ECommerce.InventoryAgent\Wave.Examples.ECommerce.InventoryAgent.csproj", "{8B5D2A43-AE68-40A6-A1C7-C96D93D98EE3}"
EndProject
Project("{2150E333-8FDC-42A3-9474-1A3956D46DE8}") = "Agents", "Agents", "{8FA6D07B-D7BC-456F-A25D-7EA1F67C0D75}"
EndProject
Project("{2150E333-8FDC-42A3-9474-1A3956D46DE8}") = "Common", "Common", "{755EA6ED-0FA9-4E8E-BA81-0AA0873D0734}"
EndProject
Project("{FAE04EC0-301F-11D3-BF4B-00C04F79EFBC}") = "Wave.Examples.ECommerce.EmailAgent", "..\examples\Wave.Examples.ECommerce\Wave.Examples.ECommerce.EmailAgent\Wave.Examples.ECommerce.EmailAgent.csproj", "{90D37A9B-73A5-4FE7-A5EF-6CF0720BED00}"
EndProject
Global
	GlobalSection(SolutionConfigurationPlatforms) = preSolution
		Debug|Any CPU = Debug|Any CPU
		Release|Any CPU = Release|Any CPU
	EndGlobalSection
	GlobalSection(ProjectConfigurationPlatforms) = postSolution
		{6B2F3282-85A6-4177-8840-CFE0A6417FD8}.Debug|Any CPU.ActiveCfg = Debug|Any CPU
		{6B2F3282-85A6-4177-8840-CFE0A6417FD8}.Debug|Any CPU.Build.0 = Debug|Any CPU
		{6B2F3282-85A6-4177-8840-CFE0A6417FD8}.Release|Any CPU.ActiveCfg = Release|Any CPU
		{6B2F3282-85A6-4177-8840-CFE0A6417FD8}.Release|Any CPU.Build.0 = Release|Any CPU
		{3259D0E7-F778-4CE1-8F90-DA27FD1D6642}.Debug|Any CPU.ActiveCfg = Debug|Any CPU
		{3259D0E7-F778-4CE1-8F90-DA27FD1D6642}.Debug|Any CPU.Build.0 = Debug|Any CPU
		{3259D0E7-F778-4CE1-8F90-DA27FD1D6642}.Release|Any CPU.ActiveCfg = Release|Any CPU
		{3259D0E7-F778-4CE1-8F90-DA27FD1D6642}.Release|Any CPU.Build.0 = Release|Any CPU
		{F62B3576-C3AA-4E25-AA90-E2B73045ECDE}.Debug|Any CPU.ActiveCfg = Debug|Any CPU
		{F62B3576-C3AA-4E25-AA90-E2B73045ECDE}.Debug|Any CPU.Build.0 = Debug|Any CPU
		{F62B3576-C3AA-4E25-AA90-E2B73045ECDE}.Release|Any CPU.ActiveCfg = Release|Any CPU
		{F62B3576-C3AA-4E25-AA90-E2B73045ECDE}.Release|Any CPU.Build.0 = Release|Any CPU
		{A2303554-52B5-4040-B157-E912C87CBA16}.Debug|Any CPU.ActiveCfg = Debug|Any CPU
		{A2303554-52B5-4040-B157-E912C87CBA16}.Debug|Any CPU.Build.0 = Debug|Any CPU
		{A2303554-52B5-4040-B157-E912C87CBA16}.Release|Any CPU.ActiveCfg = Release|Any CPU
		{A2303554-52B5-4040-B157-E912C87CBA16}.Release|Any CPU.Build.0 = Release|Any CPU
		{2680A100-B18B-40A1-8E7C-7CB4DD86CDB7}.Debug|Any CPU.ActiveCfg = Debug|Any CPU
		{2680A100-B18B-40A1-8E7C-7CB4DD86CDB7}.Debug|Any CPU.Build.0 = Debug|Any CPU
		{2680A100-B18B-40A1-8E7C-7CB4DD86CDB7}.Release|Any CPU.ActiveCfg = Release|Any CPU
		{2680A100-B18B-40A1-8E7C-7CB4DD86CDB7}.Release|Any CPU.Build.0 = Release|Any CPU
		{CA1E7EE5-14FA-4AE7-BFC2-8EC7A9973680}.Debug|Any CPU.ActiveCfg = Debug|Any CPU
		{CA1E7EE5-14FA-4AE7-BFC2-8EC7A9973680}.Debug|Any CPU.Build.0 = Debug|Any CPU
		{CA1E7EE5-14FA-4AE7-BFC2-8EC7A9973680}.Release|Any CPU.ActiveCfg = Release|Any CPU
		{CA1E7EE5-14FA-4AE7-BFC2-8EC7A9973680}.Release|Any CPU.Build.0 = Release|Any CPU
		{AFE6947C-2B64-4AAA-84EF-B1117CFFD6EB}.Debug|Any CPU.ActiveCfg = Debug|Any CPU
		{AFE6947C-2B64-4AAA-84EF-B1117CFFD6EB}.Debug|Any CPU.Build.0 = Debug|Any CPU
		{AFE6947C-2B64-4AAA-84EF-B1117CFFD6EB}.Release|Any CPU.ActiveCfg = Release|Any CPU
		{AFE6947C-2B64-4AAA-84EF-B1117CFFD6EB}.Release|Any CPU.Build.0 = Release|Any CPU
		{9096F624-FAFB-4931-B455-DE655A87FDF0}.Debug|Any CPU.ActiveCfg = Debug|Any CPU
		{9096F624-FAFB-4931-B455-DE655A87FDF0}.Debug|Any CPU.Build.0 = Debug|Any CPU
		{9096F624-FAFB-4931-B455-DE655A87FDF0}.Release|Any CPU.ActiveCfg = Release|Any CPU
		{9096F624-FAFB-4931-B455-DE655A87FDF0}.Release|Any CPU.Build.0 = Release|Any CPU
		{569C1FC8-FB40-45C4-8FDB-7B509BD16CAB}.Debug|Any CPU.ActiveCfg = Debug|Any CPU
		{569C1FC8-FB40-45C4-8FDB-7B509BD16CAB}.Debug|Any CPU.Build.0 = Debug|Any CPU
		{569C1FC8-FB40-45C4-8FDB-7B509BD16CAB}.Release|Any CPU.ActiveCfg = Release|Any CPU
		{569C1FC8-FB40-45C4-8FDB-7B509BD16CAB}.Release|Any CPU.Build.0 = Release|Any CPU
		{4004178C-353B-4284-85F7-013C0F3D6CAA}.Debug|Any CPU.ActiveCfg = Debug|Any CPU
		{4004178C-353B-4284-85F7-013C0F3D6CAA}.Debug|Any CPU.Build.0 = Debug|Any CPU
		{4004178C-353B-4284-85F7-013C0F3D6CAA}.Release|Any CPU.ActiveCfg = Release|Any CPU
		{4004178C-353B-4284-85F7-013C0F3D6CAA}.Release|Any CPU.Build.0 = Release|Any CPU
		{70DF6FF4-F382-43F1-B2CD-F605C2C5CBE3}.Debug|Any CPU.ActiveCfg = Debug|Any CPU
		{70DF6FF4-F382-43F1-B2CD-F605C2C5CBE3}.Debug|Any CPU.Build.0 = Debug|Any CPU
		{70DF6FF4-F382-43F1-B2CD-F605C2C5CBE3}.Release|Any CPU.ActiveCfg = Release|Any CPU
		{70DF6FF4-F382-43F1-B2CD-F605C2C5CBE3}.Release|Any CPU.Build.0 = Release|Any CPU
		{EA358A9E-109B-4984-9A17-4714F065DFB4}.Debug|Any CPU.ActiveCfg = Debug|Any CPU
		{EA358A9E-109B-4984-9A17-4714F065DFB4}.Debug|Any CPU.Build.0 = Debug|Any CPU
		{EA358A9E-109B-4984-9A17-4714F065DFB4}.Release|Any CPU.ActiveCfg = Release|Any CPU
		{EA358A9E-109B-4984-9A17-4714F065DFB4}.Release|Any CPU.Build.0 = Release|Any CPU
		{05CDE80C-CA09-495E-B0F9-1251F48803C7}.Debug|Any CPU.ActiveCfg = Debug|Any CPU
		{05CDE80C-CA09-495E-B0F9-1251F48803C7}.Debug|Any CPU.Build.0 = Debug|Any CPU
		{05CDE80C-CA09-495E-B0F9-1251F48803C7}.Release|Any CPU.ActiveCfg = Release|Any CPU
		{05CDE80C-CA09-495E-B0F9-1251F48803C7}.Release|Any CPU.Build.0 = Release|Any CPU
		{5A7FC936-B2B8-48B4-BDD4-FDE31E565C63}.Debug|Any CPU.ActiveCfg = Debug|Any CPU
		{5A7FC936-B2B8-48B4-BDD4-FDE31E565C63}.Debug|Any CPU.Build.0 = Debug|Any CPU
		{5A7FC936-B2B8-48B4-BDD4-FDE31E565C63}.Release|Any CPU.ActiveCfg = Release|Any CPU
		{5A7FC936-B2B8-48B4-BDD4-FDE31E565C63}.Release|Any CPU.Build.0 = Release|Any CPU
		{4C626D4A-6BDF-4F08-ADF0-FAAE75B2412C}.Debug|Any CPU.ActiveCfg = Debug|Any CPU
		{4C626D4A-6BDF-4F08-ADF0-FAAE75B2412C}.Debug|Any CPU.Build.0 = Debug|Any CPU
		{4C626D4A-6BDF-4F08-ADF0-FAAE75B2412C}.Release|Any CPU.ActiveCfg = Release|Any CPU
		{4C626D4A-6BDF-4F08-ADF0-FAAE75B2412C}.Release|Any CPU.Build.0 = Release|Any CPU
		{FB0BF8E6-1CC5-47CA-9616-1869531E11B4}.Debug|Any CPU.ActiveCfg = Debug|Any CPU
		{FB0BF8E6-1CC5-47CA-9616-1869531E11B4}.Debug|Any CPU.Build.0 = Debug|Any CPU
		{FB0BF8E6-1CC5-47CA-9616-1869531E11B4}.Release|Any CPU.ActiveCfg = Release|Any CPU
		{FB0BF8E6-1CC5-47CA-9616-1869531E11B4}.Release|Any CPU.Build.0 = Release|Any CPU
		{BF4A79C7-8773-4D34-B3B2-BDC5883E9577}.Debug|Any CPU.ActiveCfg = Debug|Any CPU
		{BF4A79C7-8773-4D34-B3B2-BDC5883E9577}.Debug|Any CPU.Build.0 = Debug|Any CPU
		{BF4A79C7-8773-4D34-B3B2-BDC5883E9577}.Release|Any CPU.ActiveCfg = Release|Any CPU
		{BF4A79C7-8773-4D34-B3B2-BDC5883E9577}.Release|Any CPU.Build.0 = Release|Any CPU
		{0AAB26BA-EEC2-48B4-8CE8-DEA02B6E0C4A}.Debug|Any CPU.ActiveCfg = Debug|Any CPU
		{0AAB26BA-EEC2-48B4-8CE8-DEA02B6E0C4A}.Debug|Any CPU.Build.0 = Debug|Any CPU
		{0AAB26BA-EEC2-48B4-8CE8-DEA02B6E0C4A}.Release|Any CPU.ActiveCfg = Release|Any CPU
		{0AAB26BA-EEC2-48B4-8CE8-DEA02B6E0C4A}.Release|Any CPU.Build.0 = Release|Any CPU
		{47A48497-5FC0-4E55-99E2-C24A9A70119B}.Debug|Any CPU.ActiveCfg = Debug|Any CPU
		{47A48497-5FC0-4E55-99E2-C24A9A70119B}.Debug|Any CPU.Build.0 = Debug|Any CPU
		{47A48497-5FC0-4E55-99E2-C24A9A70119B}.Release|Any CPU.ActiveCfg = Release|Any CPU
		{47A48497-5FC0-4E55-99E2-C24A9A70119B}.Release|Any CPU.Build.0 = Release|Any CPU
		{4E1012ED-CB19-4278-9964-D24BEE60F57C}.Debug|Any CPU.ActiveCfg = Debug|Any CPU
		{4E1012ED-CB19-4278-9964-D24BEE60F57C}.Debug|Any CPU.Build.0 = Debug|Any CPU
		{4E1012ED-CB19-4278-9964-D24BEE60F57C}.Release|Any CPU.ActiveCfg = Release|Any CPU
		{4E1012ED-CB19-4278-9964-D24BEE60F57C}.Release|Any CPU.Build.0 = Release|Any CPU
		{657ADDB4-7D1E-469D-9296-BAB710392EC8}.Debug|Any CPU.ActiveCfg = Debug|Any CPU
		{657ADDB4-7D1E-469D-9296-BAB710392EC8}.Debug|Any CPU.Build.0 = Debug|Any CPU
		{657ADDB4-7D1E-469D-9296-BAB710392EC8}.Release|Any CPU.ActiveCfg = Release|Any CPU
		{657ADDB4-7D1E-469D-9296-BAB710392EC8}.Release|Any CPU.Build.0 = Release|Any CPU
		{A6C8109C-BDEC-488D-A07D-4994E534343A}.Debug|Any CPU.ActiveCfg = Debug|Any CPU
		{A6C8109C-BDEC-488D-A07D-4994E534343A}.Debug|Any CPU.Build.0 = Debug|Any CPU
		{A6C8109C-BDEC-488D-A07D-4994E534343A}.Release|Any CPU.ActiveCfg = Release|Any CPU
		{A6C8109C-BDEC-488D-A07D-4994E534343A}.Release|Any CPU.Build.0 = Release|Any CPU
		{CE668BDB-0497-4943-B49F-38CDF57035D8}.Debug|Any CPU.ActiveCfg = Debug|Any CPU
		{CE668BDB-0497-4943-B49F-38CDF57035D8}.Debug|Any CPU.Build.0 = Debug|Any CPU
		{CE668BDB-0497-4943-B49F-38CDF57035D8}.Release|Any CPU.ActiveCfg = Release|Any CPU
		{CE668BDB-0497-4943-B49F-38CDF57035D8}.Release|Any CPU.Build.0 = Release|Any CPU
		{92F44394-9DC0-429B-AFD8-5E890AC9DE3C}.Debug|Any CPU.ActiveCfg = Debug|Any CPU
		{92F44394-9DC0-429B-AFD8-5E890AC9DE3C}.Debug|Any CPU.Build.0 = Debug|Any CPU
		{92F44394-9DC0-429B-AFD8-5E890AC9DE3C}.Release|Any CPU.ActiveCfg = Release|Any CPU
		{92F44394-9DC0-429B-AFD8-5E890AC9DE3C}.Release|Any CPU.Build.0 = Release|Any CPU
		{BBAEAFC1-796D-4C60-B9E2-3A7D6135DC82}.Debug|Any CPU.ActiveCfg = Debug|Any CPU
		{BBAEAFC1-796D-4C60-B9E2-3A7D6135DC82}.Debug|Any CPU.Build.0 = Debug|Any CPU
		{BBAEAFC1-796D-4C60-B9E2-3A7D6135DC82}.Release|Any CPU.ActiveCfg = Release|Any CPU
		{BBAEAFC1-796D-4C60-B9E2-3A7D6135DC82}.Release|Any CPU.Build.0 = Release|Any CPU
		{767601E5-92B5-4F16-AA5A-888324EB3291}.Debug|Any CPU.ActiveCfg = Debug|Any CPU
		{767601E5-92B5-4F16-AA5A-888324EB3291}.Debug|Any CPU.Build.0 = Debug|Any CPU
		{767601E5-92B5-4F16-AA5A-888324EB3291}.Release|Any CPU.ActiveCfg = Release|Any CPU
		{767601E5-92B5-4F16-AA5A-888324EB3291}.Release|Any CPU.Build.0 = Release|Any CPU
		{1E2D2BA2-E868-43FF-893D-0CA3D13B3EEF}.Debug|Any CPU.ActiveCfg = Debug|Any CPU
		{1E2D2BA2-E868-43FF-893D-0CA3D13B3EEF}.Debug|Any CPU.Build.0 = Debug|Any CPU
		{1E2D2BA2-E868-43FF-893D-0CA3D13B3EEF}.Release|Any CPU.ActiveCfg = Release|Any CPU
		{1E2D2BA2-E868-43FF-893D-0CA3D13B3EEF}.Release|Any CPU.Build.0 = Release|Any CPU
		{FBC20399-4894-424D-95BA-2A204F29F35B}.Debug|Any CPU.ActiveCfg = Debug|Any CPU
		{FBC20399-4894-424D-95BA-2A204F29F35B}.Debug|Any CPU.Build.0 = Debug|Any CPU
		{FBC20399-4894-424D-95BA-2A204F29F35B}.Release|Any CPU.ActiveCfg = Release|Any CPU
		{FBC20399-4894-424D-95BA-2A204F29F35B}.Release|Any CPU.Build.0 = Release|Any CPU
		{A6FD48F0-FCA6-45D1-9E32-38B635C2184F}.Debug|Any CPU.ActiveCfg = Debug|Any CPU
		{A6FD48F0-FCA6-45D1-9E32-38B635C2184F}.Debug|Any CPU.Build.0 = Debug|Any CPU
		{A6FD48F0-FCA6-45D1-9E32-38B635C2184F}.Release|Any CPU.ActiveCfg = Release|Any CPU
		{A6FD48F0-FCA6-45D1-9E32-38B635C2184F}.Release|Any CPU.Build.0 = Release|Any CPU
		{78715A12-171E-4ED8-BF7A-10CA994A5120}.Debug|Any CPU.ActiveCfg = Debug|Any CPU
		{78715A12-171E-4ED8-BF7A-10CA994A5120}.Debug|Any CPU.Build.0 = Debug|Any CPU
		{78715A12-171E-4ED8-BF7A-10CA994A5120}.Release|Any CPU.ActiveCfg = Release|Any CPU
		{78715A12-171E-4ED8-BF7A-10CA994A5120}.Release|Any CPU.Build.0 = Release|Any CPU
		{C3021D66-D983-405F-A1D7-93F99EFDC907}.Debug|Any CPU.ActiveCfg = Debug|Any CPU
		{C3021D66-D983-405F-A1D7-93F99EFDC907}.Debug|Any CPU.Build.0 = Debug|Any CPU
		{C3021D66-D983-405F-A1D7-93F99EFDC907}.Release|Any CPU.ActiveCfg = Release|Any CPU
		{C3021D66-D983-405F-A1D7-93F99EFDC907}.Release|Any CPU.Build.0 = Release|Any CPU
		{DCEAFA0A-0C5A-4333-8291-7B8A52591EA7}.Debug|Any CPU.ActiveCfg = Debug|Any CPU
		{DCEAFA0A-0C5A-4333-8291-7B8A52591EA7}.Debug|Any CPU.Build.0 = Debug|Any CPU
		{DCEAFA0A-0C5A-4333-8291-7B8A52591EA7}.Release|Any CPU.ActiveCfg = Release|Any CPU
		{DCEAFA0A-0C5A-4333-8291-7B8A52591EA7}.Release|Any CPU.Build.0 = Release|Any CPU
		{8B5D2A43-AE68-40A6-A1C7-C96D93D98EE3}.Debug|Any CPU.ActiveCfg = Debug|Any CPU
		{8B5D2A43-AE68-40A6-A1C7-C96D93D98EE3}.Debug|Any CPU.Build.0 = Debug|Any CPU
		{8B5D2A43-AE68-40A6-A1C7-C96D93D98EE3}.Release|Any CPU.ActiveCfg = Release|Any CPU
		{8B5D2A43-AE68-40A6-A1C7-C96D93D98EE3}.Release|Any CPU.Build.0 = Release|Any CPU
		{90D37A9B-73A5-4FE7-A5EF-6CF0720BED00}.Debug|Any CPU.ActiveCfg = Debug|Any CPU
		{90D37A9B-73A5-4FE7-A5EF-6CF0720BED00}.Debug|Any CPU.Build.0 = Debug|Any CPU
		{90D37A9B-73A5-4FE7-A5EF-6CF0720BED00}.Release|Any CPU.ActiveCfg = Release|Any CPU
		{90D37A9B-73A5-4FE7-A5EF-6CF0720BED00}.Release|Any CPU.Build.0 = Release|Any CPU
	EndGlobalSection
	GlobalSection(SolutionProperties) = preSolution
		HideSolutionNode = FALSE
	EndGlobalSection
	GlobalSection(NestedProjects) = preSolution
		{910DBAFC-AA9A-412E-A2EE-3D160CF2FB32} = {3711E227-B1C5-47AE-BDFA-06A9C22142E8}
		{B06863D3-8813-46BD-A500-3C0D306FE422} = {3711E227-B1C5-47AE-BDFA-06A9C22142E8}
		{83B9E6B9-197C-49C8-87BE-357A5BB0E600} = {3711E227-B1C5-47AE-BDFA-06A9C22142E8}
		{D50032E4-90CA-423E-9F65-E0BCF8362B72} = {3711E227-B1C5-47AE-BDFA-06A9C22142E8}
		{D1FE2E7D-CEE6-459C-AABA-C0A6F9DA2D3F} = {3711E227-B1C5-47AE-BDFA-06A9C22142E8}
		{89C50FBD-942B-4A4E-B96E-0C48FF1A4E19} = {3711E227-B1C5-47AE-BDFA-06A9C22142E8}
		{FF58D1D4-AA7B-4A18-9995-6697759DA775} = {3711E227-B1C5-47AE-BDFA-06A9C22142E8}
		{6B2F3282-85A6-4177-8840-CFE0A6417FD8} = {910DBAFC-AA9A-412E-A2EE-3D160CF2FB32}
		{F0A7F9EF-E485-48B6-92EF-F07F6765DC42} = {F2DA3499-A595-43EF-A130-9D5A05653D25}
		{B2D89CB9-D4B5-4630-BEC4-A97F6BF2FEE4} = {F2DA3499-A595-43EF-A130-9D5A05653D25}
		{F0AD03F9-C2A7-4105-A4AA-E9F98B508F67} = {F2DA3499-A595-43EF-A130-9D5A05653D25}
		{BB527460-C181-4700-9A1D-9F75410FFD27} = {F2DA3499-A595-43EF-A130-9D5A05653D25}
		{62E8CFDE-D5E2-4298-B9AE-3AD342F2CA74} = {E0C0A75A-DCBB-4134-9AB1-3753CC767A39}
		{3259D0E7-F778-4CE1-8F90-DA27FD1D6642} = {B06863D3-8813-46BD-A500-3C0D306FE422}
		{BBAEAFC1-796D-4C60-B9E2-3A7D6135DC82} = {B06863D3-8813-46BD-A500-3C0D306FE422}
		{A2303554-52B5-4040-B157-E912C87CBA16} = {83B9E6B9-197C-49C8-87BE-357A5BB0E600}
		{F62B3576-C3AA-4E25-AA90-E2B73045ECDE} = {83B9E6B9-197C-49C8-87BE-357A5BB0E600}
		{0AAB26BA-EEC2-48B4-8CE8-DEA02B6E0C4A} = {83B9E6B9-197C-49C8-87BE-357A5BB0E600}
		{2680A100-B18B-40A1-8E7C-7CB4DD86CDB7} = {D50032E4-90CA-423E-9F65-E0BCF8362B72}
		{CA1E7EE5-14FA-4AE7-BFC2-8EC7A9973680} = {D50032E4-90CA-423E-9F65-E0BCF8362B72}
		{AFE6947C-2B64-4AAA-84EF-B1117CFFD6EB} = {D1FE2E7D-CEE6-459C-AABA-C0A6F9DA2D3F}
		{9096F624-FAFB-4931-B455-DE655A87FDF0} = {D1FE2E7D-CEE6-459C-AABA-C0A6F9DA2D3F}
		{569C1FC8-FB40-45C4-8FDB-7B509BD16CAB} = {D1FE2E7D-CEE6-459C-AABA-C0A6F9DA2D3F}
		{4004178C-353B-4284-85F7-013C0F3D6CAA} = {D1FE2E7D-CEE6-459C-AABA-C0A6F9DA2D3F}
		{70DF6FF4-F382-43F1-B2CD-F605C2C5CBE3} = {D1FE2E7D-CEE6-459C-AABA-C0A6F9DA2D3F}
		{47A48497-5FC0-4E55-99E2-C24A9A70119B} = {F0A7F9EF-E485-48B6-92EF-F07F6765DC42}
		{EA358A9E-109B-4984-9A17-4714F065DFB4} = {B2D89CB9-D4B5-4630-BEC4-A97F6BF2FEE4}
		{4E1012ED-CB19-4278-9964-D24BEE60F57C} = {B2D89CB9-D4B5-4630-BEC4-A97F6BF2FEE4}
		{05CDE80C-CA09-495E-B0F9-1251F48803C7} = {F0AD03F9-C2A7-4105-A4AA-E9F98B508F67}
		{5A7FC936-B2B8-48B4-BDD4-FDE31E565C63} = {F0AD03F9-C2A7-4105-A4AA-E9F98B508F67}
		{4C626D4A-6BDF-4F08-ADF0-FAAE75B2412C} = {F0AD03F9-C2A7-4105-A4AA-E9F98B508F67}
		{FB0BF8E6-1CC5-47CA-9616-1869531E11B4} = {F0AD03F9-C2A7-4105-A4AA-E9F98B508F67}
		{BF4A79C7-8773-4D34-B3B2-BDC5883E9577} = {F0AD03F9-C2A7-4105-A4AA-E9F98B508F67}
		{657ADDB4-7D1E-469D-9296-BAB710392EC8} = {89C50FBD-942B-4A4E-B96E-0C48FF1A4E19}
		{CE668BDB-0497-4943-B49F-38CDF57035D8} = {89C50FBD-942B-4A4E-B96E-0C48FF1A4E19}
		{A6C8109C-BDEC-488D-A07D-4994E534343A} = {BB527460-C181-4700-9A1D-9F75410FFD27}
		{92F44394-9DC0-429B-AFD8-5E890AC9DE3C} = {BB527460-C181-4700-9A1D-9F75410FFD27}
		{767601E5-92B5-4F16-AA5A-888324EB3291} = {FF58D1D4-AA7B-4A18-9995-6697759DA775}
		{1E2D2BA2-E868-43FF-893D-0CA3D13B3EEF} = {FF58D1D4-AA7B-4A18-9995-6697759DA775}
		{FBC20399-4894-424D-95BA-2A204F29F35B} = {FF58D1D4-AA7B-4A18-9995-6697759DA775}
		{A6FD48F0-FCA6-45D1-9E32-38B635C2184F} = {62E8CFDE-D5E2-4298-B9AE-3AD342F2CA74}
		{755EA6ED-0FA9-4E8E-BA81-0AA0873D0734} = {62E8CFDE-D5E2-4298-B9AE-3AD342F2CA74}
		{8FA6D07B-D7BC-456F-A25D-7EA1F67C0D75} = {62E8CFDE-D5E2-4298-B9AE-3AD342F2CA74}
		{DCEAFA0A-0C5A-4333-8291-7B8A52591EA7} = {755EA6ED-0FA9-4E8E-BA81-0AA0873D0734}
		{78715A12-171E-4ED8-BF7A-10CA994A5120} = {755EA6ED-0FA9-4E8E-BA81-0AA0873D0734}
		{8B5D2A43-AE68-40A6-A1C7-C96D93D98EE3} = {8FA6D07B-D7BC-456F-A25D-7EA1F67C0D75}
		{C3021D66-D983-405F-A1D7-93F99EFDC907} = {8FA6D07B-D7BC-456F-A25D-7EA1F67C0D75}
		{90D37A9B-73A5-4FE7-A5EF-6CF0720BED00} = {8FA6D07B-D7BC-456F-A25D-7EA1F67C0D75}
	EndGlobalSection
	GlobalSection(ExtensibilityGlobals) = postSolution
		EnterpriseLibraryConfigurationToolBinariesPath = ..\packages\Unity.2.1.505.2\lib\NET35
	EndGlobalSection
EndGlobal
